{
    "_readme": [
        "This file locks the dependencies of your project to a known state",
        "Read more about it at https://getcomposer.org/doc/01-basic-usage.md#installing-dependencies",
        "This file is @generated automatically"
    ],
    "content-hash": "d124fdfba03e4fe3a54990cf0e032f47",
    "packages": [
        {
            "name": "tbolner/monetdb-php",
            "version": "1.2.0",
            "source": {
                "type": "git",
                "url": "https://github.com/MonetDB/MonetDB-PHP.git",
                "reference": "d4ad26d42682bd292abd8177bc53419fbee96a9d"
            },
            "dist": {
                "type": "zip",
                "url": "https://api.github.com/repos/MonetDB/MonetDB-PHP/zipball/d4ad26d42682bd292abd8177bc53419fbee96a9d",
                "reference": "d4ad26d42682bd292abd8177bc53419fbee96a9d",
                "shasum": ""
            },
            "require": {
                "ext-mbstring": "*",
                "php": ">=7.2 || >=8.0"
            },
            "require-dev": {
                "phpunit/phpunit": "^8"
            },
            "type": "library",
            "autoload": {
                "psr-4": {
                    "MonetDB\\": "src/"
                }
            },
            "notification-url": "https://packagist.org/downloads/",
            "license": [
                "Apache-2.0"
            ],
            "authors": [
                {
                    "name": "Tamas Bolner",
                    "homepage": "https://github.com/bolner",
                    "role": "Developer"
                }
            ],
            "description": "A PHP client library for accessing MonetDB.",
            "keywords": [
                "MonetDB",
                "client",
                "columnar",
                "data-science",
                "library"
            ],
            "support": {
                "issues": "https://github.com/MonetDB/MonetDB-PHP/issues",
                "source": "https://github.com/MonetDB/MonetDB-PHP/tree/1.2.0"
            },
            "time": "2023-04-02T17:29:53+00:00"
        }
    ],
    "packages-dev": [],
    "aliases": [],
    "minimum-stability": "stable",
    "stability-flags": [],
    "prefer-stable": false,
    "prefer-lowest": false,
    "platform": {
        "php": ">=7.2",
        "ext-mbstring": "*"
    },
    "platform-dev": [],
    "plugin-api-version": "2.3.0"
}
