{
    "_readme": [
        "This file locks the dependencies of your project to a known state",
        "Read more about it at https://getcomposer.org/doc/01-basic-usage.md#installing-dependencies",
        "This file is @generated automatically"
    ],
    "content-hash": "b0b32fcdc06678ab40787ac4969c2a07",
    "packages": [
        {
            "name": "tbolner/monetdb-php",
            "version": "1.1.0",
            "source": {
                "type": "git",
                "url": "https://github.com/MonetDB/MonetDB-PHP.git",
                "reference": "08b8311abd17098fbc8db97217c1ee568284dd84"
            },
            "dist": {
                "type": "zip",
                "url": "https://api.github.com/repos/MonetDB/MonetDB-PHP/zipball/08b8311abd17098fbc8db97217c1ee568284dd84",
                "reference": "08b8311abd17098fbc8db97217c1ee568284dd84",
                "shasum": ""
            },
            "require": {
                "ext-mbstring": "*",
                "php": ">=7.2"
            },
            "type": "library",
            "autoload": {
                "psr-4": {
                    "MonetDB\\": "src/"
                }
            },
            "notification-url": "https://packagist.org/downloads/",
            "license": [
                "Apache-2.0"
            ],
            "authors": [
                {
                    "name": "Tamas Bolner",
                    "homepage": "https://github.com/bolner",
                    "role": "Developer"
                }
            ],
            "description": "A PHP client library for accessing MonetDB.",
            "keywords": [
                "MonetDB",
                "client",
                "columnar",
                "data-science",
                "library"
            ],
            "time": "2020-08-13T20:11:49+00:00"
        }
    ],
    "packages-dev": [],
    "aliases": [],
    "minimum-stability": "stable",
    "stability-flags": [],
    "prefer-stable": false,
    "prefer-lowest": false,
    "platform": {
        "php": ">=7.2",
        "ext-mbstring": "*"
    },
    "platform-dev": [],
    "plugin-api-version": "1.1.0"
}
