{
    "_readme": [
        "This file locks the dependencies of your project to a known state",
        "Read more about it at https://getcomposer.org/doc/01-basic-usage.md#installing-dependencies",
        "This file is @generated automatically"
    ],
    "content-hash": "d07d33f2408ad8dfe6faf2602ec13749",
    "packages": [
        {
            "name": "tbolner/monetdb-php",
            "version": "1.1.2",
            "source": {
                "type": "git",
                "url": "https://github.com/MonetDB/MonetDB-PHP.git",
                "reference": "3852eefb147d1845587d236144afac85d5d1fb23"
            },
            "dist": {
                "type": "zip",
                "url": "https://api.github.com/repos/MonetDB/MonetDB-PHP/zipball/3852eefb147d1845587d236144afac85d5d1fb23",
                "reference": "3852eefb147d1845587d236144afac85d5d1fb23",
                "shasum": ""
            },
            "require": {
                "ext-mbstring": "*",
                "php": ">=7.2"
            },
            "type": "library",
            "autoload": {
                "psr-4": {
                    "MonetDB\\": "src/"
                }
            },
            "notification-url": "https://packagist.org/downloads/",
            "license": [
                "Apache-2.0"
            ],
            "authors": [
                {
                    "name": "Tamas Bolner",
                    "homepage": "https://github.com/bolner",
                    "role": "Developer"
                }
            ],
            "description": "A PHP client library for accessing MonetDB.",
            "keywords": [
                "MonetDB",
                "client",
                "columnar",
                "data-science",
                "library"
            ],
            "time": "2020-12-08T19:10:10+00:00"
        }
    ],
    "packages-dev": [],
    "aliases": [],
    "minimum-stability": "stable",
    "stability-flags": [],
    "prefer-stable": false,
    "prefer-lowest": false,
    "platform": {
        "php": ">=7.2",
        "ext-mbstring": "*"
    },
    "platform-dev": [],
    "plugin-api-version": "1.1.0"
}
