{
    "_readme": [
        "This file locks the dependencies of your project to a known state",
        "Read more about it at https://getcomposer.org/doc/01-basic-usage.md#installing-dependencies",
        "This file is @generated automatically"
    ],
    "content-hash": "8313bb02251b9980ae29ae810e03103c",
    "packages": [
        {
            "name": "tbolner/monetdb-php-deux",
            "version": "1.0.0",
            "source": {
                "type": "git",
                "url": "https://github.com/bolner/MonetDB-PHP-Deux.git",
                "reference": "8cc887890144d23b524ddee6ed5296b08d72e10d"
            },
            "dist": {
                "type": "zip",
                "url": "https://api.github.com/repos/bolner/MonetDB-PHP-Deux/zipball/8cc887890144d23b524ddee6ed5296b08d72e10d",
                "reference": "8cc887890144d23b524ddee6ed5296b08d72e10d",
                "shasum": ""
            },
            "require": {
                "php": ">=7.2"
            },
            "type": "library",
            "autoload": {
                "psr-4": {
                    "MonetDB\\": "src/"
                }
            },
            "notification-url": "https://packagist.org/downloads/",
            "license": [
                "Apache-2.0"
            ],
            "authors": [
                {
                    "name": "Tamas Bolner",
                    "homepage": "https://github.com/bolner",
                    "role": "Developer"
                }
            ],
            "description": "A PHP client library for accessing MonetDB.",
            "keywords": [
                "MonetDB",
                "client",
                "columnar",
                "data-science",
                "library"
            ],
            "time": "2020-04-10T14:20:52+00:00"
        }
    ],
    "packages-dev": [],
    "aliases": [],
    "minimum-stability": "stable",
    "stability-flags": [],
    "prefer-stable": false,
    "prefer-lowest": false,
    "platform": {
        "php": ">=7.2",
        "ext-mbstring": "*"
    },
    "platform-dev": [],
    "plugin-api-version": "1.1.0"
}
